
Microsoft Visual Studio Solution File, Format Version 12.00
# Visual Studio Version 17
VisualStudioVersion = 17.2.32602.215
MinimumVisualStudioVersion = 10.0.40219.1
Project("{FAE04EC0-301F-11D3-BF4B-00C04F79EFBC}") = "AboveBelowAverage", "AboveBelowAverage\AboveBelowAverage.csproj", "{3E685DDA-DF9B-451C-A321-8FF40B81CCE5}"
EndProject
Global
	GlobalSection(SolutionConfigurationPlatforms) = preSolution
		Debug|Any CPU = Debug|Any CPU
		Release|Any CPU = Release|Any CPU
	EndGlobalSection
	GlobalSection(ProjectConfigurationPlatforms) = postSolution
		{3E685DDA-DF9B-451C-A321-8FF40B81CCE5}.Debug|Any CPU.ActiveCfg = Debug|Any CPU
		{3E685DDA-DF9B-451C-A321-8FF40B81CCE5}.Debug|Any CPU.Build.0 = Debug|Any CPU
		{3E685DDA-DF9B-451C-A321-8FF40B81CCE5}.Release|Any CPU.ActiveCfg = Release|Any CPU
		{3E685DDA-DF9B-451C-A321-8FF40B81CCE5}.Release|Any CPU.Build.0 = Release|Any CPU
	EndGlobalSection
	GlobalSection(SolutionProperties) = preSolution
		HideSolutionNode = FALSE
	EndGlobalSection
	GlobalSection(ExtensibilityGlobals) = postSolution
		SolutionGuid = {A99BF092-93A3-4ACB-A0DC-0935575856AB}
	EndGlobalSection
EndGlobal
